// !$*UTF8*$!
{
	archiveVersion = 1;
	classes = {
	};
	objectVersion = 56;
	objects = {

/* Begin PBXBuildFile section */
		BB4415742AFC0FB200AA675E /* PokedexApp.swift in Sources */ = {isa = PBXBuildFile; fileRef = BB4415732AFC0FB200AA675E /* PokedexApp.swift */; };
		BB4415762AFC0FB200AA675E /* ContentView.swift in Sources */ = {isa = PBXBuildFile; fileRef = BB4415752AFC0FB200AA675E /* ContentView.swift */; };
		BB4415782AFC0FB300AA675E /* Assets.xcassets in Resources */ = {isa = PBXBuildFile; fileRef = BB4415772AFC0FB300AA675E /* Assets.xcassets */; };
		BB44157B2AFC0FB300AA675E /* Preview Assets.xcassets in Resources */ = {isa = PBXBuildFile; fileRef = BB44157A2AFC0FB300AA675E /* Preview Assets.xcassets */; };
		BB4415872AFC102F00AA675E /* PokemonListView.swift in Sources */ = {isa = PBXBuildFile; fileRef = BB4415862AFC102F00AA675E /* PokemonListView.swift */; };
		BB44158A2AFC104200AA675E /* PokemonListCellView.swift in Sources */ = {isa = PBXBuildFile; fileRef = BB4415892AFC104200AA675E /* PokemonListCellView.swift */; };
		BB44158C2AFC105F00AA675E /* PokemonResponse.swift in Sources */ = {isa = PBXBuildFile; fileRef = BB44158B2AFC105F00AA675E /* PokemonResponse.swift */; };
		BB44158E2AFC118400AA675E /* NetworkManager.swift in Sources */ = {isa = PBXBuildFile; fileRef = BB44158D2AFC118400AA675E /* NetworkManager.swift */; };
		BB4415902AFC16FE00AA675E /* PokemonListViewModel.swift in Sources */ = {isa = PBXBuildFile; fileRef = BB44158F2AFC16FE00AA675E /* PokemonListViewModel.swift */; };
		BB4415922AFC178E00AA675E /* Constants.swift in Sources */ = {isa = PBXBuildFile; fileRef = BB4415912AFC178E00AA675E /* Constants.swift */; };
		BB4415962AFC268100AA675E /* PokemonGridView.swift in Sources */ = {isa = PBXBuildFile; fileRef = BB4415952AFC268100AA675E /* PokemonGridView.swift */; };
		BB4415982AFC26D000AA675E /* PokemonGridCellView.swift in Sources */ = {isa = PBXBuildFile; fileRef = BB4415972AFC26D000AA675E /* PokemonGridCellView.swift */; };
		BB44159B2AFC2B6D00AA675E /* PokemonDetailsView.swift in Sources */ = {isa = PBXBuildFile; fileRef = BB44159A2AFC2B6D00AA675E /* PokemonDetailsView.swift */; };
		BB44159D2AFC2C7C00AA675E /* BackgroundColorClass.swift in Sources */ = {isa = PBXBuildFile; fileRef = BB44159C2AFC2C7C00AA675E /* BackgroundColorClass.swift */; };
		BB4415A02AFC55CF00AA675E /* SettingView.swift in Sources */ = {isa = PBXBuildFile; fileRef = BB44159F2AFC55CF00AA675E /* SettingView.swift */; };
		BB4415A22AFC575600AA675E /* TabBarColorPicker.swift in Sources */ = {isa = PBXBuildFile; fileRef = BB4415A12AFC575600AA675E /* TabBarColorPicker.swift */; };
		BB4415A52AFC5C4E00AA675E /* ButtonModifier.swift in Sources */ = {isa = PBXBuildFile; fileRef = BB4415A42AFC5C4E00AA675E /* ButtonModifier.swift */; };
		BB4415A82AFC5FCE00AA675E /* Color.swift in Sources */ = {isa = PBXBuildFile; fileRef = BB4415A72AFC5FCE00AA675E /* Color.swift */; };
		BB4415AA2AFC64CC00AA675E /* UIApplication.swift in Sources */ = {isa = PBXBuildFile; fileRef = BB4415A92AFC64CC00AA675E /* UIApplication.swift */; };
		BB4415AC2AFC664200AA675E /* ContentViewModel.swift in Sources */ = {isa = PBXBuildFile; fileRef = BB4415AB2AFC664200AA675E /* ContentViewModel.swift */; };
		BB58344E2AFEAFB0005014C9 /* PokemonServiceTests.swift in Sources */ = {isa = PBXBuildFile; fileRef = BB58344D2AFEAFB0005014C9 /* PokemonServiceTests.swift */; };
		BB5834512AFEAFFC005014C9 /* TestNetworkManager.swift in Sources */ = {isa = PBXBuildFile; fileRef = BB5834502AFEAFFC005014C9 /* TestNetworkManager.swift */; };
		BB5834542AFEB07D005014C9 /* PokemonCardResponse.json in Resources */ = {isa = PBXBuildFile; fileRef = BB5834532AFEB07D005014C9 /* PokemonCardResponse.json */; };
		BB5834562AFEB421005014C9 /* BadPokemonResponse.json in Resources */ = {isa = PBXBuildFile; fileRef = BB5834552AFEB421005014C9 /* BadPokemonResponse.json */; };
		BB5834582AFEB574005014C9 /* NoData.json in Resources */ = {isa = PBXBuildFile; fileRef = BB5834572AFEB573005014C9 /* NoData.json */; };
		BB58345A2AFEB8F9005014C9 /* PokemonListViewModelTests.swift in Sources */ = {isa = PBXBuildFile; fileRef = BB5834592AFEB8F9005014C9 /* PokemonListViewModelTests.swift */; };
		BB58345C2AFEB930005014C9 /* TestPokemonService.swift in Sources */ = {isa = PBXBuildFile; fileRef = BB58345B2AFEB930005014C9 /* TestPokemonService.swift */; };
		BBA070602AFEA88B00948B0B /* PokedexTests.swift in Sources */ = {isa = PBXBuildFile; fileRef = BBA0705F2AFEA88B00948B0B /* PokedexTests.swift */; };
		BBA070682AFEA8C900948B0B /* PokemonService.swift in Sources */ = {isa = PBXBuildFile; fileRef = BBA070672AFEA8C900948B0B /* PokemonService.swift */; };
		BBA0706B2AFEA94D00948B0B /* NetworkError.swift in Sources */ = {isa = PBXBuildFile; fileRef = BBA0706A2AFEA94D00948B0B /* NetworkError.swift */; };
/* End PBXBuildFile section */

/* Begin PBXContainerItemProxy section */
		BBA070612AFEA88B00948B0B /* PBXContainerItemProxy */ = {
			isa = PBXContainerItemProxy;
			containerPortal = BB4415682AFC0FB200AA675E /* Project object */;
			proxyType = 1;
			remoteGlobalIDString = BB44156F2AFC0FB200AA675E;
			remoteInfo = Pokedex;
		};
/* End PBXContainerItemProxy section */

/* Begin PBXFileReference section */
		BB4415702AFC0FB200AA675E /* Pokedex.app */ = {isa = PBXFileReference; explicitFileType = wrapper.application; includeInIndex = 0; path = Pokedex.app; sourceTree = BUILT_PRODUCTS_DIR; };
		BB4415732AFC0FB200AA675E /* PokedexApp.swift */ = {isa = PBXFileReference; lastKnownFileType = sourcecode.swift; path = PokedexApp.swift; sourceTree = "<group>"; };
		BB4415752AFC0FB200AA675E /* ContentView.swift */ = {isa = PBXFileReference; lastKnownFileType = sourcecode.swift; path = ContentView.swift; sourceTree = "<group>"; };
		BB4415772AFC0FB300AA675E /* Assets.xcassets */ = {isa = PBXFileReference; lastKnownFileType = folder.assetcatalog; path = Assets.xcassets; sourceTree = "<group>"; };
		BB44157A2AFC0FB300AA675E /* Preview Assets.xcassets */ = {isa = PBXFileReference; lastKnownFileType = folder.assetcatalog; path = "Preview Assets.xcassets"; sourceTree = "<group>"; };
		BB4415862AFC102F00AA675E /* PokemonListView.swift */ = {isa = PBXFileReference; lastKnownFileType = sourcecode.swift; path = PokemonListView.swift; sourceTree = "<group>"; };
		BB4415892AFC104200AA675E /* PokemonListCellView.swift */ = {isa = PBXFileReference; lastKnownFileType = sourcecode.swift; path = PokemonListCellView.swift; sourceTree = "<group>"; };
		BB44158B2AFC105F00AA675E /* PokemonResponse.swift */ = {isa = PBXFileReference; lastKnownFileType = sourcecode.swift; path = PokemonResponse.swift; sourceTree = "<group>"; };
		BB44158D2AFC118400AA675E /* NetworkManager.swift */ = {isa = PBXFileReference; lastKnownFileType = sourcecode.swift; path = NetworkManager.swift; sourceTree = "<group>"; };
		BB44158F2AFC16FE00AA675E /* PokemonListViewModel.swift */ = {isa = PBXFileReference; lastKnownFileType = sourcecode.swift; path = PokemonListViewModel.swift; sourceTree = "<group>"; };
		BB4415912AFC178E00AA675E /* Constants.swift */ = {isa = PBXFileReference; lastKnownFileType = sourcecode.swift; path = Constants.swift; sourceTree = "<group>"; };
		BB4415952AFC268100AA675E /* PokemonGridView.swift */ = {isa = PBXFileReference; lastKnownFileType = sourcecode.swift; path = PokemonGridView.swift; sourceTree = "<group>"; };
		BB4415972AFC26D000AA675E /* PokemonGridCellView.swift */ = {isa = PBXFileReference; lastKnownFileType = sourcecode.swift; path = PokemonGridCellView.swift; sourceTree = "<group>"; };
		BB44159A2AFC2B6D00AA675E /* PokemonDetailsView.swift */ = {isa = PBXFileReference; lastKnownFileType = sourcecode.swift; path = PokemonDetailsView.swift; sourceTree = "<group>"; };
		BB44159C2AFC2C7C00AA675E /* BackgroundColorClass.swift */ = {isa = PBXFileReference; lastKnownFileType = sourcecode.swift; path = BackgroundColorClass.swift; sourceTree = "<group>"; };
		BB44159F2AFC55CF00AA675E /* SettingView.swift */ = {isa = PBXFileReference; lastKnownFileType = sourcecode.swift; path = SettingView.swift; sourceTree = "<group>"; };
		BB4415A12AFC575600AA675E /* TabBarColorPicker.swift */ = {isa = PBXFileReference; lastKnownFileType = sourcecode.swift; path = TabBarColorPicker.swift; sourceTree = "<group>"; };
		BB4415A42AFC5C4E00AA675E /* ButtonModifier.swift */ = {isa = PBXFileReference; lastKnownFileType = sourcecode.swift; path = ButtonModifier.swift; sourceTree = "<group>"; };
		BB4415A72AFC5FCE00AA675E /* Color.swift */ = {isa = PBXFileReference; lastKnownFileType = sourcecode.swift; path = Color.swift; sourceTree = "<group>"; };
		BB4415A92AFC64CC00AA675E /* UIApplication.swift */ = {isa = PBXFileReference; lastKnownFileType = sourcecode.swift; path = UIApplication.swift; sourceTree = "<group>"; };
		BB4415AB2AFC664200AA675E /* ContentViewModel.swift */ = {isa = PBXFileReference; lastKnownFileType = sourcecode.swift; path = ContentViewModel.swift; sourceTree = "<group>"; };
		BB58344D2AFEAFB0005014C9 /* PokemonServiceTests.swift */ = {isa = PBXFileReference; lastKnownFileType = sourcecode.swift; path = PokemonServiceTests.swift; sourceTree = "<group>"; };
		BB5834502AFEAFFC005014C9 /* TestNetworkManager.swift */ = {isa = PBXFileReference; lastKnownFileType = sourcecode.swift; path = TestNetworkManager.swift; sourceTree = "<group>"; };
		BB5834532AFEB07D005014C9 /* PokemonCardResponse.json */ = {isa = PBXFileReference; lastKnownFileType = text.json; path = PokemonCardResponse.json; sourceTree = "<group>"; };
		BB5834552AFEB421005014C9 /* BadPokemonResponse.json */ = {isa = PBXFileReference; lastKnownFileType = text.json; path = BadPokemonResponse.json; sourceTree = "<group>"; };
		BB5834572AFEB573005014C9 /* NoData.json */ = {isa = PBXFileReference; lastKnownFileType = text.json; path = NoData.json; sourceTree = "<group>"; };
		BB5834592AFEB8F9005014C9 /* PokemonListViewModelTests.swift */ = {isa = PBXFileReference; lastKnownFileType = sourcecode.swift; path = PokemonListViewModelTests.swift; sourceTree = "<group>"; };
		BB58345B2AFEB930005014C9 /* TestPokemonService.swift */ = {isa = PBXFileReference; lastKnownFileType = sourcecode.swift; path = TestPokemonService.swift; sourceTree = "<group>"; };
		BBA0705D2AFEA88B00948B0B /* PokedexTests.xctest */ = {isa = PBXFileReference; explicitFileType = wrapper.cfbundle; includeInIndex = 0; path = PokedexTests.xctest; sourceTree = BUILT_PRODUCTS_DIR; };
		BBA0705F2AFEA88B00948B0B /* PokedexTests.swift */ = {isa = PBXFileReference; lastKnownFileType = sourcecode.swift; path = PokedexTests.swift; sourceTree = "<group>"; };
		BBA070672AFEA8C900948B0B /* PokemonService.swift */ = {isa = PBXFileReference; lastKnownFileType = sourcecode.swift; path = PokemonService.swift; sourceTree = "<group>"; };
		BBA0706A2AFEA94D00948B0B /* NetworkError.swift */ = {isa = PBXFileReference; lastKnownFileType = sourcecode.swift; path = NetworkError.swift; sourceTree = "<group>"; };
/* End PBXFileReference section */

/* Begin PBXFrameworksBuildPhase section */
		BB44156D2AFC0FB200AA675E /* Frameworks */ = {
			isa = PBXFrameworksBuildPhase;
			buildActionMask = 2147483647;
			files = (
			);
			runOnlyForDeploymentPostprocessing = 0;
		};
		BBA0705A2AFEA88B00948B0B /* Frameworks */ = {
			isa = PBXFrameworksBuildPhase;
			buildActionMask = 2147483647;
			files = (
			);
			runOnlyForDeploymentPostprocessing = 0;
		};
/* End PBXFrameworksBuildPhase section */

/* Begin PBXGroup section */
		BB4415672AFC0FB200AA675E = {
			isa = PBXGroup;
			children = (
				BB4415722AFC0FB200AA675E /* Pokedex */,
				BBA0705E2AFEA88B00948B0B /* PokedexTests */,
				BB4415712AFC0FB200AA675E /* Products */,
			);
			sourceTree = "<group>";
		};
		BB4415712AFC0FB200AA675E /* Products */ = {
			isa = PBXGroup;
			children = (
				BB4415702AFC0FB200AA675E /* Pokedex.app */,
				BBA0705D2AFEA88B00948B0B /* PokedexTests.xctest */,
			);
			name = Products;
			sourceTree = "<group>";
		};
		BB4415722AFC0FB200AA675E /* Pokedex */ = {
			isa = PBXGroup;
			children = (
				BBA070692AFEA94200948B0B /* Enums */,
				BB4415752AFC0FB200AA675E /* ContentView.swift */,
				BB4415732AFC0FB200AA675E /* PokedexApp.swift */,
				BB4415772AFC0FB300AA675E /* Assets.xcassets */,
				BB4415A62AFC5FC500AA675E /* Extensions */,
				BB4415842AFC0FD100AA675E /* Models */,
				BB4415A32AFC5C3500AA675E /* Modifiers */,
				BB4415792AFC0FB300AA675E /* Preview Content */,
				BBA070662AFEA8AD00948B0B /* Services */,
				BB4415822AFC0FC000AA675E /* Utilities */,
				BB4415832AFC0FCC00AA675E /* ViewModels */,
				BB4415812AFC0FBB00AA675E /* Views */,
			);
			path = Pokedex;
			sourceTree = "<group>";
		};
		BB4415792AFC0FB300AA675E /* Preview Content */ = {
			isa = PBXGroup;
			children = (
				BB44157A2AFC0FB300AA675E /* Preview Assets.xcassets */,
			);
			path = "Preview Content";
			sourceTree = "<group>";
		};
		BB4415812AFC0FBB00AA675E /* Views */ = {
			isa = PBXGroup;
			children = (
				BB44159E2AFC55C200AA675E /* SettingsView */,
				BB4415992AFC2B5900AA675E /* PokemonDetailsView */,
				BB4415942AFC266A00AA675E /* PokemonGridView */,
				BB4415932AFC266500AA675E /* PokemonListView */,
			);
			path = Views;
			sourceTree = "<group>";
		};
		BB4415822AFC0FC000AA675E /* Utilities */ = {
			isa = PBXGroup;
			children = (
				BB44158D2AFC118400AA675E /* NetworkManager.swift */,
				BB4415912AFC178E00AA675E /* Constants.swift */,
			);
			path = Utilities;
			sourceTree = "<group>";
		};
		BB4415832AFC0FCC00AA675E /* ViewModels */ = {
			isa = PBXGroup;
			children = (
				BB44158F2AFC16FE00AA675E /* PokemonListViewModel.swift */,
				BB4415AB2AFC664200AA675E /* ContentViewModel.swift */,
			);
			path = ViewModels;
			sourceTree = "<group>";
		};
		BB4415842AFC0FD100AA675E /* Models */ = {
			isa = PBXGroup;
			children = (
				BB44158B2AFC105F00AA675E /* PokemonResponse.swift */,
				BB44159C2AFC2C7C00AA675E /* BackgroundColorClass.swift */,
			);
			path = Models;
			sourceTree = "<group>";
		};
		BB4415932AFC266500AA675E /* PokemonListView */ = {
			isa = PBXGroup;
			children = (
				BB4415892AFC104200AA675E /* PokemonListCellView.swift */,
				BB4415862AFC102F00AA675E /* PokemonListView.swift */,
			);
			path = PokemonListView;
			sourceTree = "<group>";
		};
		BB4415942AFC266A00AA675E /* PokemonGridView */ = {
			isa = PBXGroup;
			children = (
				BB4415952AFC268100AA675E /* PokemonGridView.swift */,
				BB4415972AFC26D000AA675E /* PokemonGridCellView.swift */,
			);
			path = PokemonGridView;
			sourceTree = "<group>";
		};
		BB4415992AFC2B5900AA675E /* PokemonDetailsView */ = {
			isa = PBXGroup;
			children = (
				BB44159A2AFC2B6D00AA675E /* PokemonDetailsView.swift */,
			);
			path = PokemonDetailsView;
			sourceTree = "<group>";
		};
		BB44159E2AFC55C200AA675E /* SettingsView */ = {
			isa = PBXGroup;
			children = (
				BB44159F2AFC55CF00AA675E /* SettingView.swift */,
				BB4415A12AFC575600AA675E /* TabBarColorPicker.swift */,
			);
			path = SettingsView;
			sourceTree = "<group>";
		};
		BB4415A32AFC5C3500AA675E /* Modifiers */ = {
			isa = PBXGroup;
			children = (
				BB4415A42AFC5C4E00AA675E /* ButtonModifier.swift */,
			);
			path = Modifiers;
			sourceTree = "<group>";
		};
		BB4415A62AFC5FC500AA675E /* Extensions */ = {
			isa = PBXGroup;
			children = (
				BB4415A72AFC5FCE00AA675E /* Color.swift */,
				BB4415A92AFC64CC00AA675E /* UIApplication.swift */,
			);
			path = Extensions;
			sourceTree = "<group>";
		};
		BB58344F2AFEAFE3005014C9 /* TestDependencies */ = {
			isa = PBXGroup;
			children = (
				BB5834502AFEAFFC005014C9 /* TestNetworkManager.swift */,
				BB58345B2AFEB930005014C9 /* TestPokemonService.swift */,
			);
			path = TestDependencies;
			sourceTree = "<group>";
		};
		BB5834522AFEB034005014C9 /* TestAssets */ = {
			isa = PBXGroup;
			children = (
				BB5834532AFEB07D005014C9 /* PokemonCardResponse.json */,
				BB5834552AFEB421005014C9 /* BadPokemonResponse.json */,
				BB5834572AFEB573005014C9 /* NoData.json */,
			);
			path = TestAssets;
			sourceTree = "<group>";
		};
		BBA0705E2AFEA88B00948B0B /* PokedexTests */ = {
			isa = PBXGroup;
			children = (
				BB5834522AFEB034005014C9 /* TestAssets */,
				BB58344F2AFEAFE3005014C9 /* TestDependencies */,
				BBA0705F2AFEA88B00948B0B /* PokedexTests.swift */,
				BB58344D2AFEAFB0005014C9 /* PokemonServiceTests.swift */,
				BB5834592AFEB8F9005014C9 /* PokemonListViewModelTests.swift */,
			);
			path = PokedexTests;
			sourceTree = "<group>";
		};
		BBA070662AFEA8AD00948B0B /* Services */ = {
			isa = PBXGroup;
			children = (
				BBA070672AFEA8C900948B0B /* PokemonService.swift */,
			);
			path = Services;
			sourceTree = "<group>";
		};
		BBA070692AFEA94200948B0B /* Enums */ = {
			isa = PBXGroup;
			children = (
				BBA0706A2AFEA94D00948B0B /* NetworkError.swift */,
			);
			path = Enums;
			sourceTree = "<group>";
		};
/* End PBXGroup section */

/* Begin PBXNativeTarget section */
		BB44156F2AFC0FB200AA675E /* Pokedex */ = {
			isa = PBXNativeTarget;
			buildConfigurationList = BB44157E2AFC0FB300AA675E /* Build configuration list for PBXNativeTarget "Pokedex" */;
			buildPhases = (
				BB44156C2AFC0FB200AA675E /* Sources */,
				BB44156D2AFC0FB200AA675E /* Frameworks */,
				BB44156E2AFC0FB200AA675E /* Resources */,
			);
			buildRules = (
			);
			dependencies = (
			);
			name = Pokedex;
			productName = Pokedex;
			productReference = BB4415702AFC0FB200AA675E /* Pokedex.app */;
			productType = "com.apple.product-type.application";
		};
		BBA0705C2AFEA88B00948B0B /* PokedexTests */ = {
			isa = PBXNativeTarget;
			buildConfigurationList = BBA070652AFEA88B00948B0B /* Build configuration list for PBXNativeTarget "PokedexTests" */;
			buildPhases = (
				BBA070592AFEA88B00948B0B /* Sources */,
				BBA0705A2AFEA88B00948B0B /* Frameworks */,
				BBA0705B2AFEA88B00948B0B /* Resources */,
			);
			buildRules = (
			);
			dependencies = (
				BBA070622AFEA88B00948B0B /* PBXTargetDependency */,
			);
			name = PokedexTests;
			productName = PokedexTests;
			productReference = BBA0705D2AFEA88B00948B0B /* PokedexTests.xctest */;
			productType = "com.apple.product-type.bundle.unit-test";
		};
/* End PBXNativeTarget section */

/* Begin PBXProject section */
		BB4415682AFC0FB200AA675E /* Project object */ = {
			isa = PBXProject;
			attributes = {
				BuildIndependentTargetsInParallel = 1;
				LastSwiftUpdateCheck = 1500;
				LastUpgradeCheck = 1500;
				TargetAttributes = {
					BB44156F2AFC0FB200AA675E = {
						CreatedOnToolsVersion = 15.0.1;
					};
					BBA0705C2AFEA88B00948B0B = {
						CreatedOnToolsVersion = 15.0.1;
						TestTargetID = BB44156F2AFC0FB200AA675E;
					};
				};
			};
			buildConfigurationList = BB44156B2AFC0FB200AA675E /* Build configuration list for PBXProject "Pokedex" */;
			compatibilityVersion = "Xcode 14.0";
			developmentRegion = en;
			hasScannedForEncodings = 0;
			knownRegions = (
				en,
				Base,
			);
			mainGroup = BB4415672AFC0FB200AA675E;
			productRefGroup = BB4415712AFC0FB200AA675E /* Products */;
			projectDirPath = "";
			projectRoot = "";
			targets = (
				BB44156F2AFC0FB200AA675E /* Pokedex */,
				BBA0705C2AFEA88B00948B0B /* PokedexTests */,
			);
		};
/* End PBXProject section */

/* Begin PBXResourcesBuildPhase section */
		BB44156E2AFC0FB200AA675E /* Resources */ = {
			isa = PBXResourcesBuildPhase;
			buildActionMask = 2147483647;
			files = (
				BB44157B2AFC0FB300AA675E /* Preview Assets.xcassets in Resources */,
				BB4415782AFC0FB300AA675E /* Assets.xcassets in Resources */,
			);
			runOnlyForDeploymentPostprocessing = 0;
		};
		BBA0705B2AFEA88B00948B0B /* Resources */ = {
			isa = PBXResourcesBuildPhase;
			buildActionMask = 2147483647;
			files = (
				BB5834562AFEB421005014C9 /* BadPokemonResponse.json in Resources */,
				BB5834582AFEB574005014C9 /* NoData.json in Resources */,
				BB5834542AFEB07D005014C9 /* PokemonCardResponse.json in Resources */,
			);
			runOnlyForDeploymentPostprocessing = 0;
		};
/* End PBXResourcesBuildPhase section */

/* Begin PBXSourcesBuildPhase section */
		BB44156C2AFC0FB200AA675E /* Sources */ = {
			isa = PBXSourcesBuildPhase;
			buildActionMask = 2147483647;
			files = (
				BB44158E2AFC118400AA675E /* NetworkManager.swift in Sources */,
				BB4415A22AFC575600AA675E /* TabBarColorPicker.swift in Sources */,
				BB44158A2AFC104200AA675E /* PokemonListCellView.swift in Sources */,
				BB4415762AFC0FB200AA675E /* ContentView.swift in Sources */,
				BB44159B2AFC2B6D00AA675E /* PokemonDetailsView.swift in Sources */,
				BB4415A82AFC5FCE00AA675E /* Color.swift in Sources */,
				BB4415872AFC102F00AA675E /* PokemonListView.swift in Sources */,
				BB4415902AFC16FE00AA675E /* PokemonListViewModel.swift in Sources */,
				BB44158C2AFC105F00AA675E /* PokemonResponse.swift in Sources */,
				BBA0706B2AFEA94D00948B0B /* NetworkError.swift in Sources */,
				BB4415742AFC0FB200AA675E /* PokedexApp.swift in Sources */,
				BB4415A52AFC5C4E00AA675E /* ButtonModifier.swift in Sources */,
				BBA070682AFEA8C900948B0B /* PokemonService.swift in Sources */,
				BB4415AA2AFC64CC00AA675E /* UIApplication.swift in Sources */,
				BB4415A02AFC55CF00AA675E /* SettingView.swift in Sources */,
				BB4415922AFC178E00AA675E /* Constants.swift in Sources */,
				BB4415AC2AFC664200AA675E /* ContentViewModel.swift in Sources */,
				BB4415982AFC26D000AA675E /* PokemonGridCellView.swift in Sources */,
				BB44159D2AFC2C7C00AA675E /* BackgroundColorClass.swift in Sources */,
				BB4415962AFC268100AA675E /* PokemonGridView.swift in Sources */,
			);
			runOnlyForDeploymentPostprocessing = 0;
		};
		BBA070592AFEA88B00948B0B /* Sources */ = {
			isa = PBXSourcesBuildPhase;
			buildActionMask = 2147483647;
			files = (
				BBA070602AFEA88B00948B0B /* PokedexTests.swift in Sources */,
				BB5834512AFEAFFC005014C9 /* TestNetworkManager.swift in Sources */,
				BB58345C2AFEB930005014C9 /* TestPokemonService.swift in Sources */,
				BB58345A2AFEB8F9005014C9 /* PokemonListViewModelTests.swift in Sources */,
				BB58344E2AFEAFB0005014C9 /* PokemonServiceTests.swift in Sources */,
			);
			runOnlyForDeploymentPostprocessing = 0;
		};
/* End PBXSourcesBuildPhase section */

/* Begin PBXTargetDependency section */
		BBA070622AFEA88B00948B0B /* PBXTargetDependency */ = {
			isa = PBXTargetDependency;
			target = BB44156F2AFC0FB200AA675E /* Pokedex */;
			targetProxy = BBA070612AFEA88B00948B0B /* PBXContainerItemProxy */;
		};
/* End PBXTargetDependency section */

/* Begin XCBuildConfiguration section */
		BB44157C2AFC0FB300AA675E /* Debug */ = {
			isa = XCBuildConfiguration;
			buildSettings = {
				ALWAYS_SEARCH_USER_PATHS = NO;
				ASSETCATALOG_COMPILER_GENERATE_SWIFT_ASSET_SYMBOL_EXTENSIONS = YES;
				CLANG_ANALYZER_NONNULL = YES;
				CLANG_ANALYZER_NUMBER_OBJECT_CONVERSION = YES_AGGRESSIVE;
				CLANG_CXX_LANGUAGE_STANDARD = "gnu++20";
				CLANG_ENABLE_MODULES = YES;
				CLANG_ENABLE_OBJC_ARC = YES;
				CLANG_ENABLE_OBJC_WEAK = YES;
				CLANG_WARN_BLOCK_CAPTURE_AUTORELEASING = YES;
				CLANG_WARN_BOOL_CONVERSION = YES;
				CLANG_WARN_COMMA = YES;
				CLANG_WARN_CONSTANT_CONVERSION = YES;
				CLANG_WARN_DEPRECATED_OBJC_IMPLEMENTATIONS = YES;
				CLANG_WARN_DIRECT_OBJC_ISA_USAGE = YES_ERROR;
				CLANG_WARN_DOCUMENTATION_COMMENTS = YES;
				CLANG_WARN_EMPTY_BODY = YES;
				CLANG_WARN_ENUM_CONVERSION = YES;
				CLANG_WARN_INFINITE_RECURSION = YES;
				CLANG_WARN_INT_CONVERSION = YES;
				CLANG_WARN_NON_LITERAL_NULL_CONVERSION = YES;
				CLANG_WARN_OBJC_IMPLICIT_RETAIN_SELF = YES;
				CLANG_WARN_OBJC_LITERAL_CONVERSION = YES;
				CLANG_WARN_OBJC_ROOT_CLASS = YES_ERROR;
				CLANG_WARN_QUOTED_INCLUDE_IN_FRAMEWORK_HEADER = YES;
				CLANG_WARN_RANGE_LOOP_ANALYSIS = YES;
				CLANG_WARN_STRICT_PROTOTYPES = YES;
				CLANG_WARN_SUSPICIOUS_MOVE = YES;
				CLANG_WARN_UNGUARDED_AVAILABILITY = YES_AGGRESSIVE;
				CLANG_WARN_UNREACHABLE_CODE = YES;
				CLANG_WARN__DUPLICATE_METHOD_MATCH = YES;
				COPY_PHASE_STRIP = NO;
				DEBUG_INFORMATION_FORMAT = dwarf;
				ENABLE_STRICT_OBJC_MSGSEND = YES;
				ENABLE_TESTABILITY = YES;
				ENABLE_USER_SCRIPT_SANDBOXING = YES;
				GCC_C_LANGUAGE_STANDARD = gnu17;
				GCC_DYNAMIC_NO_PIC = NO;
				GCC_NO_COMMON_BLOCKS = YES;
				GCC_OPTIMIZATION_LEVEL = 0;
				GCC_PREPROCESSOR_DEFINITIONS = (
					"DEBUG=1",
					"$(inherited)",
				);
				GCC_WARN_64_TO_32_BIT_CONVERSION = YES;
				GCC_WARN_ABOUT_RETURN_TYPE = YES_ERROR;
				GCC_WARN_UNDECLARED_SELECTOR = YES;
				GCC_WARN_UNINITIALIZED_AUTOS = YES_AGGRESSIVE;
				GCC_WARN_UNUSED_FUNCTION = YES;
				GCC_WARN_UNUSED_VARIABLE = YES;
				IPHONEOS_DEPLOYMENT_TARGET = 17.0;
				LOCALIZATION_PREFERS_STRING_CATALOGS = YES;
				MTL_ENABLE_DEBUG_INFO = INCLUDE_SOURCE;
				MTL_FAST_MATH = YES;
				ONLY_ACTIVE_ARCH = YES;
				SDKROOT = iphoneos;
				SWIFT_ACTIVE_COMPILATION_CONDITIONS = "DEBUG $(inherited)";
				SWIFT_OPTIMIZATION_LEVEL = "-Onone";
			};
			name = Debug;
		};
		BB44157D2AFC0FB300AA675E /* Release */ = {
			isa = XCBuildConfiguration;
			buildSettings = {
				ALWAYS_SEARCH_USER_PATHS = NO;
				ASSETCATALOG_COMPILER_GENERATE_SWIFT_ASSET_SYMBOL_EXTENSIONS = YES;
				CLANG_ANALYZER_NONNULL = YES;
				CLANG_ANALYZER_NUMBER_OBJECT_CONVERSION = YES_AGGRESSIVE;
				CLANG_CXX_LANGUAGE_STANDARD = "gnu++20";
				CLANG_ENABLE_MODULES = YES;
				CLANG_ENABLE_OBJC_ARC = YES;
				CLANG_ENABLE_OBJC_WEAK = YES;
				CLANG_WARN_BLOCK_CAPTURE_AUTORELEASING = YES;
				CLANG_WARN_BOOL_CONVERSION = YES;
				CLANG_WARN_COMMA = YES;
				CLANG_WARN_CONSTANT_CONVERSION = YES;
				CLANG_WARN_DEPRECATED_OBJC_IMPLEMENTATIONS = YES;
				CLANG_WARN_DIRECT_OBJC_ISA_USAGE = YES_ERROR;
				CLANG_WARN_DOCUMENTATION_COMMENTS = YES;
				CLANG_WARN_EMPTY_BODY = YES;
				CLANG_WARN_ENUM_CONVERSION = YES;
				CLANG_WARN_INFINITE_RECURSION = YES;
				CLANG_WARN_INT_CONVERSION = YES;
				CLANG_WARN_NON_LITERAL_NULL_CONVERSION = YES;
				CLANG_WARN_OBJC_IMPLICIT_RETAIN_SELF = YES;
				CLANG_WARN_OBJC_LITERAL_CONVERSION = YES;
				CLANG_WARN_OBJC_ROOT_CLASS = YES_ERROR;
				CLANG_WARN_QUOTED_INCLUDE_IN_FRAMEWORK_HEADER = YES;
				CLANG_WARN_RANGE_LOOP_ANALYSIS = YES;
				CLANG_WARN_STRICT_PROTOTYPES = YES;
				CLANG_WARN_SUSPICIOUS_MOVE = YES;
				CLANG_WARN_UNGUARDED_AVAILABILITY = YES_AGGRESSIVE;
				CLANG_WARN_UNREACHABLE_CODE = YES;
				CLANG_WARN__DUPLICATE_METHOD_MATCH = YES;
				COPY_PHASE_STRIP = NO;
				DEBUG_INFORMATION_FORMAT = "dwarf-with-dsym";
				ENABLE_NS_ASSERTIONS = NO;
				ENABLE_STRICT_OBJC_MSGSEND = YES;
				ENABLE_USER_SCRIPT_SANDBOXING = YES;
				GCC_C_LANGUAGE_STANDARD = gnu17;
				GCC_NO_COMMON_BLOCKS = YES;
				GCC_WARN_64_TO_32_BIT_CONVERSION = YES;
				GCC_WARN_ABOUT_RETURN_TYPE = YES_ERROR;
				GCC_WARN_UNDECLARED_SELECTOR = YES;
				GCC_WARN_UNINITIALIZED_AUTOS = YES_AGGRESSIVE;
				GCC_WARN_UNUSED_FUNCTION = YES;
				GCC_WARN_UNUSED_VARIABLE = YES;
				IPHONEOS_DEPLOYMENT_TARGET = 17.0;
				LOCALIZATION_PREFERS_STRING_CATALOGS = YES;
				MTL_ENABLE_DEBUG_INFO = NO;
				MTL_FAST_MATH = YES;
				SDKROOT = iphoneos;
				SWIFT_COMPILATION_MODE = wholemodule;
				VALIDATE_PRODUCT = YES;
			};
			name = Release;
		};
		BB44157F2AFC0FB300AA675E /* Debug */ = {
			isa = XCBuildConfiguration;
			buildSettings = {
				ASSETCATALOG_COMPILER_APPICON_NAME = AppIcon;
				ASSETCATALOG_COMPILER_GLOBAL_ACCENT_COLOR_NAME = AccentColor;
				CODE_SIGN_STYLE = Automatic;
				CURRENT_PROJECT_VERSION = 1;
				DEVELOPMENT_ASSET_PATHS = "\"Pokedex/Preview Content\"";
				DEVELOPMENT_TEAM = FVEGF5DQ7U;
				ENABLE_PREVIEWS = YES;
				GENERATE_INFOPLIST_FILE = YES;
				INFOPLIST_KEY_UIApplicationSceneManifest_Generation = YES;
				INFOPLIST_KEY_UIApplicationSupportsIndirectInputEvents = YES;
				INFOPLIST_KEY_UILaunchScreen_Generation = YES;
				INFOPLIST_KEY_UISupportedInterfaceOrientations_iPad = "UIInterfaceOrientationPortrait UIInterfaceOrientationPortraitUpsideDown UIInterfaceOrientationLandscapeLeft UIInterfaceOrientationLandscapeRight";
				INFOPLIST_KEY_UISupportedInterfaceOrientations_iPhone = "UIInterfaceOrientationPortrait UIInterfaceOrientationLandscapeLeft UIInterfaceOrientationLandscapeRight";
				LD_RUNPATH_SEARCH_PATHS = (
					"$(inherited)",
					"@executable_path/Frameworks",
				);
				MARKETING_VERSION = 1.0;
				PRODUCT_BUNDLE_IDENTIFIER = sugurutokuda.Pokedex;
				PRODUCT_NAME = "$(TARGET_NAME)";
				SWIFT_EMIT_LOC_STRINGS = YES;
				SWIFT_VERSION = 5.0;
				TARGETED_DEVICE_FAMILY = "1,2";
			};
			name = Debug;
		};
		BB4415802AFC0FB300AA675E /* Release */ = {
			isa = XCBuildConfiguration;
			buildSettings = {
				ASSETCATALOG_COMPILER_APPICON_NAME = AppIcon;
				ASSETCATALOG_COMPILER_GLOBAL_ACCENT_COLOR_NAME = AccentColor;
				CODE_SIGN_STYLE = Automatic;
				CURRENT_PROJECT_VERSION = 1;
				DEVELOPMENT_ASSET_PATHS = "\"Pokedex/Preview Content\"";
				DEVELOPMENT_TEAM = FVEGF5DQ7U;
				ENABLE_PREVIEWS = YES;
				GENERATE_INFOPLIST_FILE = YES;
				INFOPLIST_KEY_UIApplicationSceneManifest_Generation = YES;
				INFOPLIST_KEY_UIApplicationSupportsIndirectInputEvents = YES;
				INFOPLIST_KEY_UILaunchScreen_Generation = YES;
				INFOPLIST_KEY_UISupportedInterfaceOrientations_iPad = "UIInterfaceOrientationPortrait UIInterfaceOrientationPortraitUpsideDown UIInterfaceOrientationLandscapeLeft UIInterfaceOrientationLandscapeRight";
				INFOPLIST_KEY_UISupportedInterfaceOrientations_iPhone = "UIInterfaceOrientationPortrait UIInterfaceOrientationLandscapeLeft UIInterfaceOrientationLandscapeRight";
				LD_RUNPATH_SEARCH_PATHS = (
					"$(inherited)",
					"@executable_path/Frameworks",
				);
				MARKETING_VERSION = 1.0;
				PRODUCT_BUNDLE_IDENTIFIER = sugurutokuda.Pokedex;
				PRODUCT_NAME = "$(TARGET_NAME)";
				SWIFT_EMIT_LOC_STRINGS = YES;
				SWIFT_VERSION = 5.0;
				TARGETED_DEVICE_FAMILY = "1,2";
			};
			name = Release;
		};
		BBA070632AFEA88B00948B0B /* Debug */ = {
			isa = XCBuildConfiguration;
			buildSettings = {
				BUNDLE_LOADER = "$(TEST_HOST)";
				CODE_SIGN_STYLE = Automatic;
				CURRENT_PROJECT_VERSION = 1;
				DEVELOPMENT_TEAM = FVEGF5DQ7U;
				GENERATE_INFOPLIST_FILE = YES;
				MARKETING_VERSION = 1.0;
				PRODUCT_BUNDLE_IDENTIFIER = sugurutokuda.PokedexTests;
				PRODUCT_NAME = "$(TARGET_NAME)";
				SWIFT_EMIT_LOC_STRINGS = NO;
				SWIFT_VERSION = 5.0;
				TARGETED_DEVICE_FAMILY = "1,2";
				TEST_HOST = "$(BUILT_PRODUCTS_DIR)/Pokedex.app/$(BUNDLE_EXECUTABLE_FOLDER_PATH)/Pokedex";
			};
			name = Debug;
		};
		BBA070642AFEA88B00948B0B /* Release */ = {
			isa = XCBuildConfiguration;
			buildSettings = {
				BUNDLE_LOADER = "$(TEST_HOST)";
				CODE_SIGN_STYLE = Automatic;
				CURRENT_PROJECT_VERSION = 1;
				DEVELOPMENT_TEAM = FVEGF5DQ7U;
				GENERATE_INFOPLIST_FILE = YES;
				MARKETING_VERSION = 1.0;
				PRODUCT_BUNDLE_IDENTIFIER = sugurutokuda.PokedexTests;
				PRODUCT_NAME = "$(TARGET_NAME)";
				SWIFT_EMIT_LOC_STRINGS = NO;
				SWIFT_VERSION = 5.0;
				TARGETED_DEVICE_FAMILY = "1,2";
				TEST_HOST = "$(BUILT_PRODUCTS_DIR)/Pokedex.app/$(BUNDLE_EXECUTABLE_FOLDER_PATH)/Pokedex";
			};
			name = Release;
		};
/* End XCBuildConfiguration section */

/* Begin XCConfigurationList section */
		BB44156B2AFC0FB200AA675E /* Build configuration list for PBXProject "Pokedex" */ = {
			isa = XCConfigurationList;
			buildConfigurations = (
				BB44157C2AFC0FB300AA675E /* Debug */,
				BB44157D2AFC0FB300AA675E /* Release */,
			);
			defaultConfigurationIsVisible = 0;
			defaultConfigurationName = Release;
		};
		BB44157E2AFC0FB300AA675E /* Build configuration list for PBXNativeTarget "Pokedex" */ = {
			isa = XCConfigurationList;
			buildConfigurations = (
				BB44157F2AFC0FB300AA675E /* Debug */,
				BB4415802AFC0FB300AA675E /* Release */,
			);
			defaultConfigurationIsVisible = 0;
			defaultConfigurationName = Release;
		};
		BBA070652AFEA88B00948B0B /* Build configuration list for PBXNativeTarget "PokedexTests" */ = {
			isa = XCConfigurationList;
			buildConfigurations = (
				BBA070632AFEA88B00948B0B /* Debug */,
				BBA070642AFEA88B00948B0B /* Release */,
			);
			defaultConfigurationIsVisible = 0;
			defaultConfigurationName = Release;
		};
/* End XCConfigurationList section */
	};
	rootObject = BB4415682AFC0FB200AA675E /* Project object */;
}
